# This file was autogenerated by Stack.
# You should not edit this file by hand.
# For more information, please see the documentation at:
#   https://docs.haskellstack.org/en/stable/lock_files

packages:
- completed:
    subdir: plugin
    name: concat-plugin
    version: 0.3.0.0
    git: https://github.com/conal/concat.git
    pantry-tree:
      size: 460
      sha256: e3204e7c4836a67fdda7bc7068349516ceeef06e3d0544d76411bb26f4b59c1e
    commit: 632c3f37a969725053dc55ebec26f5b7aacf8c07
  original:
    subdir: plugin
    git: https://github.com/conal/concat.git
    commit: 632c3f37a969725053dc55ebec26f5b7aacf8c07
- completed:
    subdir: classes
    name: concat-classes
    version: 0.3.0.0
    git: https://github.com/conal/concat.git
    pantry-tree:
      size: 1124
      sha256: 2754f4fb0e991feb90972af68e025f7eed22df71739e7a1e40bc53642d741af2
    commit: 632c3f37a969725053dc55ebec26f5b7aacf8c07
  original:
    subdir: classes
    git: https://github.com/conal/concat.git
    commit: 632c3f37a969725053dc55ebec26f5b7aacf8c07
- completed:
    subdir: examples
    name: concat-examples
    version: 0.3.0.0
    git: https://github.com/conal/concat.git
    pantry-tree:
      size: 9679
      sha256: b7fc38684cf8f1299d69c53dce5e8f8c75af6c8da68d276f8d6b9fede6e87a47
    commit: 632c3f37a969725053dc55ebec26f5b7aacf8c07
  original:
    subdir: examples
    git: https://github.com/conal/concat.git
    commit: 632c3f37a969725053dc55ebec26f5b7aacf8c07
- completed:
    subdir: inline
    name: concat-inline
    version: 0.1.0.0
    git: https://github.com/conal/concat.git
    pantry-tree:
      size: 319
      sha256: 54fc1efd925d33e67eddaf121419ebd59f15b775c84d8e381a58832f17680fda
    commit: 632c3f37a969725053dc55ebec26f5b7aacf8c07
  original:
    subdir: inline
    git: https://github.com/conal/concat.git
    commit: 632c3f37a969725053dc55ebec26f5b7aacf8c07
- completed:
    subdir: known
    name: concat-known
    version: 0.1.0.0
    git: https://github.com/conal/concat.git
    pantry-tree:
      size: 168
      sha256: 32bfd2141c47e73bb9f7caea8866a62490913cea7c48eced10dc77f547cec134
    commit: 632c3f37a969725053dc55ebec26f5b7aacf8c07
  original:
    subdir: known
    git: https://github.com/conal/concat.git
    commit: 632c3f37a969725053dc55ebec26f5b7aacf8c07
- completed:
    subdir: satisfy
    name: concat-satisfy
    version: 0.1.0.0
    git: https://github.com/conal/concat.git
    pantry-tree:
      size: 374
      sha256: 11c157d06988fb02b9201518b3326c1e6cc4f749489c7a909adc538e990c024b
    commit: 632c3f37a969725053dc55ebec26f5b7aacf8c07
  original:
    subdir: satisfy
    git: https://github.com/conal/concat.git
    commit: 632c3f37a969725053dc55ebec26f5b7aacf8c07
snapshots:
- completed:
    size: 563099
    url: https://raw.githubusercontent.com/commercialhaskell/stackage-snapshots/master/lts/17/3.yaml
    sha256: 1e9f31ec160a144f796bc49b91dfc2bab5eca88b1dcc93da569108febaf5b382
  original: lts-17.3
